// !$*UTF8*$!
{
	archiveVersion = 1;
	classes = {
	};
	objectVersion = 48;
	objects = {

/* Begin PBXBuildFile section */
		450C4E0F1F8734230036EF29 /* AppDelegate.swift in Sources */ = {isa = PBXBuildFile; fileRef = 450C4E0E1F8734230036EF29 /* AppDelegate.swift */; };
		450C4E111F8734230036EF29 /* WeatherViewController.swift in Sources */ = {isa = PBXBuildFile; fileRef = 450C4E101F8734230036EF29 /* WeatherViewController.swift */; };
		450C4E141F8734230036EF29 /* Main.storyboard in Resources */ = {isa = PBXBuildFile; fileRef = 450C4E121F8734230036EF29 /* Main.storyboard */; };
		450C4E161F8734230036EF29 /* Assets.xcassets in Resources */ = {isa = PBXBuildFile; fileRef = 450C4E151F8734230036EF29 /* Assets.xcassets */; };
		450C4E191F8734230036EF29 /* LaunchScreen.storyboard in Resources */ = {isa = PBXBuildFile; fileRef = 450C4E171F8734230036EF29 /* LaunchScreen.storyboard */; };
		4518C4E01F87364F001A2E67 /* LocationTableViewController.swift in Sources */ = {isa = PBXBuildFile; fileRef = 4518C4DF1F87364F001A2E67 /* LocationTableViewController.swift */; };
		4518C4EF1F87426D001A2E67 /* WeatherInfoKit.h in Headers */ = {isa = PBXBuildFile; fileRef = 4518C4ED1F87426D001A2E67 /* WeatherInfoKit.h */; settings = {ATTRIBUTES = (Public, ); }; };
		4518C4F21F87426D001A2E67 /* WeatherInfoKit.framework in Frameworks */ = {isa = PBXBuildFile; fileRef = 4518C4EB1F87426D001A2E67 /* WeatherInfoKit.framework */; };
		4518C4F31F87426D001A2E67 /* WeatherInfoKit.framework in Embed Frameworks */ = {isa = PBXBuildFile; fileRef = 4518C4EB1F87426D001A2E67 /* WeatherInfoKit.framework */; settings = {ATTRIBUTES = (CodeSignOnCopy, RemoveHeadersOnCopy, ); }; };
		4518C4F81F874328001A2E67 /* WeatherService.swift in Sources */ = {isa = PBXBuildFile; fileRef = 4518C4E21F87369D001A2E67 /* WeatherService.swift */; };
		4518C4F91F874328001A2E67 /* WeatherData.swift in Sources */ = {isa = PBXBuildFile; fileRef = 4518C4E41F8736BE001A2E67 /* WeatherData.swift */; };
		4518C5011F8744A0001A2E67 /* NotificationCenter.framework in Frameworks */ = {isa = PBXBuildFile; fileRef = 4518C5001F8744A0001A2E67 /* NotificationCenter.framework */; };
		4518C5041F8744A0001A2E67 /* TodayViewController.swift in Sources */ = {isa = PBXBuildFile; fileRef = 4518C5031F8744A0001A2E67 /* TodayViewController.swift */; };
		4518C5071F8744A0001A2E67 /* MainInterface.storyboard in Resources */ = {isa = PBXBuildFile; fileRef = 4518C5051F8744A0001A2E67 /* MainInterface.storyboard */; };
		4518C50B1F8744A0001A2E67 /* WeatherWidget.appex in Embed App Extensions */ = {isa = PBXBuildFile; fileRef = 4518C4FE1F8744A0001A2E67 /* WeatherWidget.appex */; settings = {ATTRIBUTES = (RemoveHeadersOnCopy, ); }; };
		4518C5101F8744DD001A2E67 /* WeatherInfoKit.framework in Frameworks */ = {isa = PBXBuildFile; fileRef = 4518C4EB1F87426D001A2E67 /* WeatherInfoKit.framework */; };
/* End PBXBuildFile section */

/* Begin PBXContainerItemProxy section */
		4518C4F01F87426D001A2E67 /* PBXContainerItemProxy */ = {
			isa = PBXContainerItemProxy;
			containerPortal = 450C4E031F8734230036EF29 /* Project object */;
			proxyType = 1;
			remoteGlobalIDString = 4518C4EA1F87426D001A2E67;
			remoteInfo = WeatherInfoKit;
		};
		4518C5091F8744A0001A2E67 /* PBXContainerItemProxy */ = {
			isa = PBXContainerItemProxy;
			containerPortal = 450C4E031F8734230036EF29 /* Project object */;
			proxyType = 1;
			remoteGlobalIDString = 4518C4FD1F8744A0001A2E67;
			remoteInfo = WeatherWidget;
		};
/* End PBXContainerItemProxy section */

/* Begin PBXCopyFilesBuildPhase section */
		4518C4F71F87426D001A2E67 /* Embed Frameworks */ = {
			isa = PBXCopyFilesBuildPhase;
			buildActionMask = 2147483647;
			dstPath = "";
			dstSubfolderSpec = 10;
			files = (
				4518C4F31F87426D001A2E67 /* WeatherInfoKit.framework in Embed Frameworks */,
			);
			name = "Embed Frameworks";
			runOnlyForDeploymentPostprocessing = 0;
		};
		4518C50F1F8744A0001A2E67 /* Embed App Extensions */ = {
			isa = PBXCopyFilesBuildPhase;
			buildActionMask = 2147483647;
			dstPath = "";
			dstSubfolderSpec = 13;
			files = (
				4518C50B1F8744A0001A2E67 /* WeatherWidget.appex in Embed App Extensions */,
			);
			name = "Embed App Extensions";
			runOnlyForDeploymentPostprocessing = 0;
		};
/* End PBXCopyFilesBuildPhase section */

/* Begin PBXFileReference section */
		450C4E0B1F8734230036EF29 /* TodayWidget.app */ = {isa = PBXFileReference; explicitFileType = wrapper.application; includeInIndex = 0; path = TodayWidget.app; sourceTree = BUILT_PRODUCTS_DIR; };
		450C4E0E1F8734230036EF29 /* AppDelegate.swift */ = {isa = PBXFileReference; lastKnownFileType = sourcecode.swift; path = AppDelegate.swift; sourceTree = "<group>"; };
		450C4E101F8734230036EF29 /* WeatherViewController.swift */ = {isa = PBXFileReference; lastKnownFileType = sourcecode.swift; path = WeatherViewController.swift; sourceTree = "<group>"; };
		450C4E131F8734230036EF29 /* Base */ = {isa = PBXFileReference; lastKnownFileType = file.storyboard; name = Base; path = Base.lproj/Main.storyboard; sourceTree = "<group>"; };
		450C4E151F8734230036EF29 /* Assets.xcassets */ = {isa = PBXFileReference; lastKnownFileType = folder.assetcatalog; path = Assets.xcassets; sourceTree = "<group>"; };
		450C4E181F8734230036EF29 /* Base */ = {isa = PBXFileReference; lastKnownFileType = file.storyboard; name = Base; path = Base.lproj/LaunchScreen.storyboard; sourceTree = "<group>"; };
		450C4E1A1F8734230036EF29 /* Info.plist */ = {isa = PBXFileReference; lastKnownFileType = text.plist.xml; path = Info.plist; sourceTree = "<group>"; };
		4518C4DF1F87364F001A2E67 /* LocationTableViewController.swift */ = {isa = PBXFileReference; lastKnownFileType = sourcecode.swift; path = LocationTableViewController.swift; sourceTree = "<group>"; };
		4518C4E21F87369D001A2E67 /* WeatherService.swift */ = {isa = PBXFileReference; lastKnownFileType = sourcecode.swift; path = WeatherService.swift; sourceTree = "<group>"; };
		4518C4E41F8736BE001A2E67 /* WeatherData.swift */ = {isa = PBXFileReference; lastKnownFileType = sourcecode.swift; path = WeatherData.swift; sourceTree = "<group>"; };
		4518C4EB1F87426D001A2E67 /* WeatherInfoKit.framework */ = {isa = PBXFileReference; explicitFileType = wrapper.framework; includeInIndex = 0; path = WeatherInfoKit.framework; sourceTree = BUILT_PRODUCTS_DIR; };
		4518C4ED1F87426D001A2E67 /* WeatherInfoKit.h */ = {isa = PBXFileReference; lastKnownFileType = sourcecode.c.h; path = WeatherInfoKit.h; sourceTree = "<group>"; };
		4518C4EE1F87426D001A2E67 /* Info.plist */ = {isa = PBXFileReference; lastKnownFileType = text.plist.xml; path = Info.plist; sourceTree = "<group>"; };
		4518C4FE1F8744A0001A2E67 /* WeatherWidget.appex */ = {isa = PBXFileReference; explicitFileType = "wrapper.app-extension"; includeInIndex = 0; path = WeatherWidget.appex; sourceTree = BUILT_PRODUCTS_DIR; };
		4518C5001F8744A0001A2E67 /* NotificationCenter.framework */ = {isa = PBXFileReference; lastKnownFileType = wrapper.framework; name = NotificationCenter.framework; path = System/Library/Frameworks/NotificationCenter.framework; sourceTree = SDKROOT; };
		4518C5031F8744A0001A2E67 /* TodayViewController.swift */ = {isa = PBXFileReference; lastKnownFileType = sourcecode.swift; path = TodayViewController.swift; sourceTree = "<group>"; };
		4518C5061F8744A0001A2E67 /* Base */ = {isa = PBXFileReference; lastKnownFileType = file.storyboard; name = Base; path = Base.lproj/MainInterface.storyboard; sourceTree = "<group>"; };
		4518C5081F8744A0001A2E67 /* Info.plist */ = {isa = PBXFileReference; lastKnownFileType = text.plist.xml; path = Info.plist; sourceTree = "<group>"; };
/* End PBXFileReference section */

/* Begin PBXFrameworksBuildPhase section */
		450C4E081F8734230036EF29 /* Frameworks */ = {
			isa = PBXFrameworksBuildPhase;
			buildActionMask = 2147483647;
			files = (
				4518C4F21F87426D001A2E67 /* WeatherInfoKit.framework in Frameworks */,
			);
			runOnlyForDeploymentPostprocessing = 0;
		};
		4518C4E71F87426D001A2E67 /* Frameworks */ = {
			isa = PBXFrameworksBuildPhase;
			buildActionMask = 2147483647;
			files = (
			);
			runOnlyForDeploymentPostprocessing = 0;
		};
		4518C4FB1F8744A0001A2E67 /* Frameworks */ = {
			isa = PBXFrameworksBuildPhase;
			buildActionMask = 2147483647;
			files = (
				4518C5101F8744DD001A2E67 /* WeatherInfoKit.framework in Frameworks */,
				4518C5011F8744A0001A2E67 /* NotificationCenter.framework in Frameworks */,
			);
			runOnlyForDeploymentPostprocessing = 0;
		};
/* End PBXFrameworksBuildPhase section */

/* Begin PBXGroup section */
		450C4E021F8734230036EF29 = {
			isa = PBXGroup;
			children = (
				450C4E0D1F8734230036EF29 /* TodayWidget */,
				4518C4EC1F87426D001A2E67 /* WeatherInfoKit */,
				4518C5021F8744A0001A2E67 /* WeatherWidget */,
				4518C4FF1F8744A0001A2E67 /* Frameworks */,
				450C4E0C1F8734230036EF29 /* Products */,
			);
			sourceTree = "<group>";
		};
		450C4E0C1F8734230036EF29 /* Products */ = {
			isa = PBXGroup;
			children = (
				450C4E0B1F8734230036EF29 /* TodayWidget.app */,
				4518C4EB1F87426D001A2E67 /* WeatherInfoKit.framework */,
				4518C4FE1F8744A0001A2E67 /* WeatherWidget.appex */,
			);
			name = Products;
			sourceTree = "<group>";
		};
		450C4E0D1F8734230036EF29 /* TodayWidget */ = {
			isa = PBXGroup;
			children = (
				450C4E201F8734340036EF29 /* Resources */,
				450C4E211F87343F0036EF29 /* View */,
				450C4E221F8734440036EF29 /* Controller */,
			);
			path = TodayWidget;
			sourceTree = "<group>";
		};
		450C4E201F8734340036EF29 /* Resources */ = {
			isa = PBXGroup;
			children = (
				450C4E1A1F8734230036EF29 /* Info.plist */,
				450C4E151F8734230036EF29 /* Assets.xcassets */,
			);
			path = Resources;
			sourceTree = "<group>";
		};
		450C4E211F87343F0036EF29 /* View */ = {
			isa = PBXGroup;
			children = (
				450C4E171F8734230036EF29 /* LaunchScreen.storyboard */,
				450C4E121F8734230036EF29 /* Main.storyboard */,
			);
			path = View;
			sourceTree = "<group>";
		};
		450C4E221F8734440036EF29 /* Controller */ = {
			isa = PBXGroup;
			children = (
				450C4E0E1F8734230036EF29 /* AppDelegate.swift */,
				450C4E101F8734230036EF29 /* WeatherViewController.swift */,
				4518C4DF1F87364F001A2E67 /* LocationTableViewController.swift */,
			);
			path = Controller;
			sourceTree = "<group>";
		};
		4518C4EC1F87426D001A2E67 /* WeatherInfoKit */ = {
			isa = PBXGroup;
			children = (
				4518C4ED1F87426D001A2E67 /* WeatherInfoKit.h */,
				4518C4EE1F87426D001A2E67 /* Info.plist */,
				4518C4E41F8736BE001A2E67 /* WeatherData.swift */,
				4518C4E21F87369D001A2E67 /* WeatherService.swift */,
			);
			path = WeatherInfoKit;
			sourceTree = "<group>";
		};
		4518C4FF1F8744A0001A2E67 /* Frameworks */ = {
			isa = PBXGroup;
			children = (
				4518C5001F8744A0001A2E67 /* NotificationCenter.framework */,
			);
			name = Frameworks;
			sourceTree = "<group>";
		};
		4518C5021F8744A0001A2E67 /* WeatherWidget */ = {
			isa = PBXGroup;
			children = (
				4518C5081F8744A0001A2E67 /* Info.plist */,
				4518C5051F8744A0001A2E67 /* MainInterface.storyboard */,
				4518C5031F8744A0001A2E67 /* TodayViewController.swift */,
			);
			path = WeatherWidget;
			sourceTree = "<group>";
		};
/* End PBXGroup section */

/* Begin PBXHeadersBuildPhase section */
		4518C4E81F87426D001A2E67 /* Headers */ = {
			isa = PBXHeadersBuildPhase;
			buildActionMask = 2147483647;
			files = (
				4518C4EF1F87426D001A2E67 /* WeatherInfoKit.h in Headers */,
			);
			runOnlyForDeploymentPostprocessing = 0;
		};
/* End PBXHeadersBuildPhase section */

/* Begin PBXNativeTarget section */
		450C4E0A1F8734230036EF29 /* TodayWidget */ = {
			isa = PBXNativeTarget;
			buildConfigurationList = 450C4E1D1F8734230036EF29 /* Build configuration list for PBXNativeTarget "TodayWidget" */;
			buildPhases = (
				450C4E071F8734230036EF29 /* Sources */,
				450C4E081F8734230036EF29 /* Frameworks */,
				450C4E091F8734230036EF29 /* Resources */,
				4518C4F71F87426D001A2E67 /* Embed Frameworks */,
				4518C50F1F8744A0001A2E67 /* Embed App Extensions */,
			);
			buildRules = (
			);
			dependencies = (
				4518C4F11F87426D001A2E67 /* PBXTargetDependency */,
				4518C50A1F8744A0001A2E67 /* PBXTargetDependency */,
			);
			name = TodayWidget;
			productName = TodayWidget;
			productReference = 450C4E0B1F8734230036EF29 /* TodayWidget.app */;
			productType = "com.apple.product-type.application";
		};
		4518C4EA1F87426D001A2E67 /* WeatherInfoKit */ = {
			isa = PBXNativeTarget;
			buildConfigurationList = 4518C4F41F87426D001A2E67 /* Build configuration list for PBXNativeTarget "WeatherInfoKit" */;
			buildPhases = (
				4518C4E61F87426D001A2E67 /* Sources */,
				4518C4E71F87426D001A2E67 /* Frameworks */,
				4518C4E81F87426D001A2E67 /* Headers */,
				4518C4E91F87426D001A2E67 /* Resources */,
			);
			buildRules = (
			);
			dependencies = (
			);
			name = WeatherInfoKit;
			productName = WeatherInfoKit;
			productReference = 4518C4EB1F87426D001A2E67 /* WeatherInfoKit.framework */;
			productType = "com.apple.product-type.framework";
		};
		4518C4FD1F8744A0001A2E67 /* WeatherWidget */ = {
			isa = PBXNativeTarget;
			buildConfigurationList = 4518C50C1F8744A0001A2E67 /* Build configuration list for PBXNativeTarget "WeatherWidget" */;
			buildPhases = (
				4518C4FA1F8744A0001A2E67 /* Sources */,
				4518C4FB1F8744A0001A2E67 /* Frameworks */,
				4518C4FC1F8744A0001A2E67 /* Resources */,
			);
			buildRules = (
			);
			dependencies = (
			);
			name = WeatherWidget;
			productName = WeatherWidget;
			productReference = 4518C4FE1F8744A0001A2E67 /* WeatherWidget.appex */;
			productType = "com.apple.product-type.app-extension";
		};
/* End PBXNativeTarget section */

/* Begin PBXProject section */
		450C4E031F8734230036EF29 /* Project object */ = {
			isa = PBXProject;
			attributes = {
				LastSwiftUpdateCheck = 0900;
				LastUpgradeCheck = 0900;
				ORGANIZATIONNAME = "Chris Huang";
				TargetAttributes = {
					450C4E0A1F8734230036EF29 = {
						CreatedOnToolsVersion = 9.0;
						ProvisioningStyle = Automatic;
					};
					4518C4EA1F87426D001A2E67 = {
						CreatedOnToolsVersion = 9.0;
						ProvisioningStyle = Automatic;
					};
					4518C4FD1F8744A0001A2E67 = {
						CreatedOnToolsVersion = 9.0;
						ProvisioningStyle = Automatic;
					};
				};
			};
			buildConfigurationList = 450C4E061F8734230036EF29 /* Build configuration list for PBXProject "TodayWidget" */;
			compatibilityVersion = "Xcode 8.0";
			developmentRegion = en;
			hasScannedForEncodings = 0;
			knownRegions = (
				en,
				Base,
			);
			mainGroup = 450C4E021F8734230036EF29;
			productRefGroup = 450C4E0C1F8734230036EF29 /* Products */;
			projectDirPath = "";
			projectRoot = "";
			targets = (
				450C4E0A1F8734230036EF29 /* TodayWidget */,
				4518C4EA1F87426D001A2E67 /* WeatherInfoKit */,
				4518C4FD1F8744A0001A2E67 /* WeatherWidget */,
			);
		};
/* End PBXProject section */

/* Begin PBXResourcesBuildPhase section */
		450C4E091F8734230036EF29 /* Resources */ = {
			isa = PBXResourcesBuildPhase;
			buildActionMask = 2147483647;
			files = (
				450C4E191F8734230036EF29 /* LaunchScreen.storyboard in Resources */,
				450C4E161F8734230036EF29 /* Assets.xcassets in Resources */,
				450C4E141F8734230036EF29 /* Main.storyboard in Resources */,
			);
			runOnlyForDeploymentPostprocessing = 0;
		};
		4518C4E91F87426D001A2E67 /* Resources */ = {
			isa = PBXResourcesBuildPhase;
			buildActionMask = 2147483647;
			files = (
			);
			runOnlyForDeploymentPostprocessing = 0;
		};
		4518C4FC1F8744A0001A2E67 /* Resources */ = {
			isa = PBXResourcesBuildPhase;
			buildActionMask = 2147483647;
			files = (
				4518C5071F8744A0001A2E67 /* MainInterface.storyboard in Resources */,
			);
			runOnlyForDeploymentPostprocessing = 0;
		};
/* End PBXResourcesBuildPhase section */

/* Begin PBXSourcesBuildPhase section */
		450C4E071F8734230036EF29 /* Sources */ = {
			isa = PBXSourcesBuildPhase;
			buildActionMask = 2147483647;
			files = (
				450C4E111F8734230036EF29 /* WeatherViewController.swift in Sources */,
				450C4E0F1F8734230036EF29 /* AppDelegate.swift in Sources */,
				4518C4E01F87364F001A2E67 /* LocationTableViewController.swift in Sources */,
			);
			runOnlyForDeploymentPostprocessing = 0;
		};
		4518C4E61F87426D001A2E67 /* Sources */ = {
			isa = PBXSourcesBuildPhase;
			buildActionMask = 2147483647;
			files = (
				4518C4F91F874328001A2E67 /* WeatherData.swift in Sources */,
				4518C4F81F874328001A2E67 /* WeatherService.swift in Sources */,
			);
			runOnlyForDeploymentPostprocessing = 0;
		};
		4518C4FA1F8744A0001A2E67 /* Sources */ = {
			isa = PBXSourcesBuildPhase;
			buildActionMask = 2147483647;
			files = (
				4518C5041F8744A0001A2E67 /* TodayViewController.swift in Sources */,
			);
			runOnlyForDeploymentPostprocessing = 0;
		};
/* End PBXSourcesBuildPhase section */

/* Begin PBXTargetDependency section */
		4518C4F11F87426D001A2E67 /* PBXTargetDependency */ = {
			isa = PBXTargetDependency;
			target = 4518C4EA1F87426D001A2E67 /* WeatherInfoKit */;
			targetProxy = 4518C4F01F87426D001A2E67 /* PBXContainerItemProxy */;
		};
		4518C50A1F8744A0001A2E67 /* PBXTargetDependency */ = {
			isa = PBXTargetDependency;
			target = 4518C4FD1F8744A0001A2E67 /* WeatherWidget */;
			targetProxy = 4518C5091F8744A0001A2E67 /* PBXContainerItemProxy */;
		};
/* End PBXTargetDependency section */

/* Begin PBXVariantGroup section */
		450C4E121F8734230036EF29 /* Main.storyboard */ = {
			isa = PBXVariantGroup;
			children = (
				450C4E131F8734230036EF29 /* Base */,
			);
			name = Main.storyboard;
			sourceTree = "<group>";
		};
		450C4E171F8734230036EF29 /* LaunchScreen.storyboard */ = {
			isa = PBXVariantGroup;
			children = (
				450C4E181F8734230036EF29 /* Base */,
			);
			name = LaunchScreen.storyboard;
			sourceTree = "<group>";
		};
		4518C5051F8744A0001A2E67 /* MainInterface.storyboard */ = {
			isa = PBXVariantGroup;
			children = (
				4518C5061F8744A0001A2E67 /* Base */,
			);
			name = MainInterface.storyboard;
			sourceTree = "<group>";
		};
/* End PBXVariantGroup section */

/* Begin XCBuildConfiguration section */
		450C4E1B1F8734230036EF29 /* Debug */ = {
			isa = XCBuildConfiguration;
			buildSettings = {
				ALWAYS_SEARCH_USER_PATHS = NO;
				CLANG_ANALYZER_NONNULL = YES;
				CLANG_ANALYZER_NUMBER_OBJECT_CONVERSION = YES_AGGRESSIVE;
				CLANG_CXX_LANGUAGE_STANDARD = "gnu++14";
				CLANG_CXX_LIBRARY = "libc++";
				CLANG_ENABLE_MODULES = YES;
				CLANG_ENABLE_OBJC_ARC = YES;
				CLANG_WARN_BLOCK_CAPTURE_AUTORELEASING = YES;
				CLANG_WARN_BOOL_CONVERSION = YES;
				CLANG_WARN_COMMA = YES;
				CLANG_WARN_CONSTANT_CONVERSION = YES;
				CLANG_WARN_DIRECT_OBJC_ISA_USAGE = YES_ERROR;
				CLANG_WARN_DOCUMENTATION_COMMENTS = YES;
				CLANG_WARN_EMPTY_BODY = YES;
				CLANG_WARN_ENUM_CONVERSION = YES;
				CLANG_WARN_INFINITE_RECURSION = YES;
				CLANG_WARN_INT_CONVERSION = YES;
				CLANG_WARN_NON_LITERAL_NULL_CONVERSION = YES;
				CLANG_WARN_OBJC_LITERAL_CONVERSION = YES;
				CLANG_WARN_OBJC_ROOT_CLASS = YES_ERROR;
				CLANG_WARN_RANGE_LOOP_ANALYSIS = YES;
				CLANG_WARN_STRICT_PROTOTYPES = YES;
				CLANG_WARN_SUSPICIOUS_MOVE = YES;
				CLANG_WARN_UNGUARDED_AVAILABILITY = YES_AGGRESSIVE;
				CLANG_WARN_UNREACHABLE_CODE = YES;
				CLANG_WARN__DUPLICATE_METHOD_MATCH = YES;
				CODE_SIGN_IDENTITY = "iPhone Developer";
				COPY_PHASE_STRIP = NO;
				DEBUG_INFORMATION_FORMAT = dwarf;
				ENABLE_STRICT_OBJC_MSGSEND = YES;
				ENABLE_TESTABILITY = YES;
				GCC_C_LANGUAGE_STANDARD = gnu11;
				GCC_DYNAMIC_NO_PIC = NO;
				GCC_NO_COMMON_BLOCKS = YES;
				GCC_OPTIMIZATION_LEVEL = 0;
				GCC_PREPROCESSOR_DEFINITIONS = (
					"DEBUG=1",
					"$(inherited)",
				);
				GCC_WARN_64_TO_32_BIT_CONVERSION = YES;
				GCC_WARN_ABOUT_RETURN_TYPE = YES_ERROR;
				GCC_WARN_UNDECLARED_SELECTOR = YES;
				GCC_WARN_UNINITIALIZED_AUTOS = YES_AGGRESSIVE;
				GCC_WARN_UNUSED_FUNCTION = YES;
				GCC_WARN_UNUSED_VARIABLE = YES;
				IPHONEOS_DEPLOYMENT_TARGET = 11.0;
				MTL_ENABLE_DEBUG_INFO = YES;
				ONLY_ACTIVE_ARCH = YES;
				SDKROOT = iphoneos;
				SWIFT_ACTIVE_COMPILATION_CONDITIONS = DEBUG;
				SWIFT_OPTIMIZATION_LEVEL = "-Onone";
			};
			name = Debug;
		};
		450C4E1C1F8734230036EF29 /* Release */ = {
			isa = XCBuildConfiguration;
			buildSettings = {
				ALWAYS_SEARCH_USER_PATHS = NO;
				CLANG_ANALYZER_NONNULL = YES;
				CLANG_ANALYZER_NUMBER_OBJECT_CONVERSION = YES_AGGRESSIVE;
				CLANG_CXX_LANGUAGE_STANDARD = "gnu++14";
				CLANG_CXX_LIBRARY = "libc++";
				CLANG_ENABLE_MODULES = YES;
				CLANG_ENABLE_OBJC_ARC = YES;
				CLANG_WARN_BLOCK_CAPTURE_AUTORELEASING = YES;
				CLANG_WARN_BOOL_CONVERSION = YES;
				CLANG_WARN_COMMA = YES;
				CLANG_WARN_CONSTANT_CONVERSION = YES;
				CLANG_WARN_DIRECT_OBJC_ISA_USAGE = YES_ERROR;
				CLANG_WARN_DOCUMENTATION_COMMENTS = YES;
				CLANG_WARN_EMPTY_BODY = YES;
				CLANG_WARN_ENUM_CONVERSION = YES;
				CLANG_WARN_INFINITE_RECURSION = YES;
				CLANG_WARN_INT_CONVERSION = YES;
				CLANG_WARN_NON_LITERAL_NULL_CONVERSION = YES;
				CLANG_WARN_OBJC_LITERAL_CONVERSION = YES;
				CLANG_WARN_OBJC_ROOT_CLASS = YES_ERROR;
				CLANG_WARN_RANGE_LOOP_ANALYSIS = YES;
				CLANG_WARN_STRICT_PROTOTYPES = YES;
				CLANG_WARN_SUSPICIOUS_MOVE = YES;
				CLANG_WARN_UNGUARDED_AVAILABILITY = YES_AGGRESSIVE;
				CLANG_WARN_UNREACHABLE_CODE = YES;
				CLANG_WARN__DUPLICATE_METHOD_MATCH = YES;
				CODE_SIGN_IDENTITY = "iPhone Developer";
				COPY_PHASE_STRIP = NO;
				DEBUG_INFORMATION_FORMAT = "dwarf-with-dsym";
				ENABLE_NS_ASSERTIONS = NO;
				ENABLE_STRICT_OBJC_MSGSEND = YES;
				GCC_C_LANGUAGE_STANDARD = gnu11;
				GCC_NO_COMMON_BLOCKS = YES;
				GCC_WARN_64_TO_32_BIT_CONVERSION = YES;
				GCC_WARN_ABOUT_RETURN_TYPE = YES_ERROR;
				GCC_WARN_UNDECLARED_SELECTOR = YES;
				GCC_WARN_UNINITIALIZED_AUTOS = YES_AGGRESSIVE;
				GCC_WARN_UNUSED_FUNCTION = YES;
				GCC_WARN_UNUSED_VARIABLE = YES;
				IPHONEOS_DEPLOYMENT_TARGET = 11.0;
				MTL_ENABLE_DEBUG_INFO = NO;
				SDKROOT = iphoneos;
				SWIFT_OPTIMIZATION_LEVEL = "-Owholemodule";
				VALIDATE_PRODUCT = YES;
			};
			name = Release;
		};
		450C4E1E1F8734230036EF29 /* Debug */ = {
			isa = XCBuildConfiguration;
			buildSettings = {
				ALWAYS_EMBED_SWIFT_STANDARD_LIBRARIES = YES;
				ASSETCATALOG_COMPILER_APPICON_NAME = AppIcon;
				CODE_SIGN_STYLE = Automatic;
				DEVELOPMENT_TEAM = 9H46LQG73T;
				INFOPLIST_FILE = "$(SRCROOT)/TodayWidget/Resources/Info.plist";
				LD_RUNPATH_SEARCH_PATHS = "$(inherited) @executable_path/Frameworks";
				PRODUCT_BUNDLE_IDENTIFIER = com.DevXris.TodayWidget;
				PRODUCT_NAME = "$(TARGET_NAME)";
				SWIFT_VERSION = 4.0;
				TARGETED_DEVICE_FAMILY = "1,2";
			};
			name = Debug;
		};
		450C4E1F1F8734230036EF29 /* Release */ = {
			isa = XCBuildConfiguration;
			buildSettings = {
				ALWAYS_EMBED_SWIFT_STANDARD_LIBRARIES = YES;
				ASSETCATALOG_COMPILER_APPICON_NAME = AppIcon;
				CODE_SIGN_STYLE = Automatic;
				DEVELOPMENT_TEAM = 9H46LQG73T;
				INFOPLIST_FILE = "$(SRCROOT)/TodayWidget/Resources/Info.plist";
				LD_RUNPATH_SEARCH_PATHS = "$(inherited) @executable_path/Frameworks";
				PRODUCT_BUNDLE_IDENTIFIER = com.DevXris.TodayWidget;
				PRODUCT_NAME = "$(TARGET_NAME)";
				SWIFT_VERSION = 4.0;
				TARGETED_DEVICE_FAMILY = "1,2";
			};
			name = Release;
		};
		4518C4F51F87426D001A2E67 /* Debug */ = {
			isa = XCBuildConfiguration;
			buildSettings = {
				APPLICATION_EXTENSION_API_ONLY = YES;
				CODE_SIGN_IDENTITY = "";
				CODE_SIGN_STYLE = Automatic;
				CURRENT_PROJECT_VERSION = 1;
				DEFINES_MODULE = YES;
				DEVELOPMENT_TEAM = 9H46LQG73T;
				DYLIB_COMPATIBILITY_VERSION = 1;
				DYLIB_CURRENT_VERSION = 1;
				DYLIB_INSTALL_NAME_BASE = "@rpath";
				INFOPLIST_FILE = WeatherInfoKit/Info.plist;
				INSTALL_PATH = "$(LOCAL_LIBRARY_DIR)/Frameworks";
				LD_RUNPATH_SEARCH_PATHS = "$(inherited) @executable_path/Frameworks @loader_path/Frameworks";
				PRODUCT_BUNDLE_IDENTIFIER = com.DevXris.WeatherInfoKit;
				PRODUCT_NAME = "$(TARGET_NAME:c99extidentifier)";
				SKIP_INSTALL = YES;
				SWIFT_VERSION = 4.0;
				TARGETED_DEVICE_FAMILY = "1,2";
				VERSIONING_SYSTEM = "apple-generic";
				VERSION_INFO_PREFIX = "";
			};
			name = Debug;
		};
		4518C4F61F87426D001A2E67 /* Release */ = {
			isa = XCBuildConfiguration;
			buildSettings = {
				APPLICATION_EXTENSION_API_ONLY = YES;
				CODE_SIGN_IDENTITY = "";
				CODE_SIGN_STYLE = Automatic;
				CURRENT_PROJECT_VERSION = 1;
				DEFINES_MODULE = YES;
				DEVELOPMENT_TEAM = 9H46LQG73T;
				DYLIB_COMPATIBILITY_VERSION = 1;
				DYLIB_CURRENT_VERSION = 1;
				DYLIB_INSTALL_NAME_BASE = "@rpath";
				INFOPLIST_FILE = WeatherInfoKit/Info.plist;
				INSTALL_PATH = "$(LOCAL_LIBRARY_DIR)/Frameworks";
				LD_RUNPATH_SEARCH_PATHS = "$(inherited) @executable_path/Frameworks @loader_path/Frameworks";
				PRODUCT_BUNDLE_IDENTIFIER = com.DevXris.WeatherInfoKit;
				PRODUCT_NAME = "$(TARGET_NAME:c99extidentifier)";
				SKIP_INSTALL = YES;
				SWIFT_VERSION = 4.0;
				TARGETED_DEVICE_FAMILY = "1,2";
				VERSIONING_SYSTEM = "apple-generic";
				VERSION_INFO_PREFIX = "";
			};
			name = Release;
		};
		4518C50D1F8744A0001A2E67 /* Debug */ = {
			isa = XCBuildConfiguration;
			buildSettings = {
				CODE_SIGN_STYLE = Automatic;
				DEVELOPMENT_TEAM = 9H46LQG73T;
				INFOPLIST_FILE = WeatherWidget/Info.plist;
				LD_RUNPATH_SEARCH_PATHS = "$(inherited) @executable_path/Frameworks @executable_path/../../Frameworks";
				PRODUCT_BUNDLE_IDENTIFIER = com.DevXris.TodayWidget.WeatherWidget;
				PRODUCT_NAME = "$(TARGET_NAME)";
				SKIP_INSTALL = YES;
				SWIFT_VERSION = 4.0;
				TARGETED_DEVICE_FAMILY = "1,2";
			};
			name = Debug;
		};
		4518C50E1F8744A0001A2E67 /* Release */ = {
			isa = XCBuildConfiguration;
			buildSettings = {
				CODE_SIGN_STYLE = Automatic;
				DEVELOPMENT_TEAM = 9H46LQG73T;
				INFOPLIST_FILE = WeatherWidget/Info.plist;
				LD_RUNPATH_SEARCH_PATHS = "$(inherited) @executable_path/Frameworks @executable_path/../../Frameworks";
				PRODUCT_BUNDLE_IDENTIFIER = com.DevXris.TodayWidget.WeatherWidget;
				PRODUCT_NAME = "$(TARGET_NAME)";
				SKIP_INSTALL = YES;
				SWIFT_VERSION = 4.0;
				TARGETED_DEVICE_FAMILY = "1,2";
			};
			name = Release;
		};
/* End XCBuildConfiguration section */

/* Begin XCConfigurationList section */
		450C4E061F8734230036EF29 /* Build configuration list for PBXProject "TodayWidget" */ = {
			isa = XCConfigurationList;
			buildConfigurations = (
				450C4E1B1F8734230036EF29 /* Debug */,
				450C4E1C1F8734230036EF29 /* Release */,
			);
			defaultConfigurationIsVisible = 0;
			defaultConfigurationName = Release;
		};
		450C4E1D1F8734230036EF29 /* Build configuration list for PBXNativeTarget "TodayWidget" */ = {
			isa = XCConfigurationList;
			buildConfigurations = (
				450C4E1E1F8734230036EF29 /* Debug */,
				450C4E1F1F8734230036EF29 /* Release */,
			);
			defaultConfigurationIsVisible = 0;
			defaultConfigurationName = Release;
		};
		4518C4F41F87426D001A2E67 /* Build configuration list for PBXNativeTarget "WeatherInfoKit" */ = {
			isa = XCConfigurationList;
			buildConfigurations = (
				4518C4F51F87426D001A2E67 /* Debug */,
				4518C4F61F87426D001A2E67 /* Release */,
			);
			defaultConfigurationIsVisible = 0;
			defaultConfigurationName = Release;
		};
		4518C50C1F8744A0001A2E67 /* Build configuration list for PBXNativeTarget "WeatherWidget" */ = {
			isa = XCConfigurationList;
			buildConfigurations = (
				4518C50D1F8744A0001A2E67 /* Debug */,
				4518C50E1F8744A0001A2E67 /* Release */,
			);
			defaultConfigurationIsVisible = 0;
			defaultConfigurationName = Release;
		};
/* End XCConfigurationList section */
	};
	rootObject = 450C4E031F8734230036EF29 /* Project object */;
}
